
Microsoft Visual Studio Solution File, Format Version 12.00
# Visual Studio Version 16
VisualStudioVersion = 16.0.29519.181
MinimumVisualStudioVersion = 10.0.40219.1
Project("{FAE04EC0-301F-11D3-BF4B-00C04F79EFBC}") = "ClearingActualisation", "ClearingActualisation\ClearingActualisation.csproj", "{EA7FD7AD-BBB1-4875-82AA-D1FA7F988747}"
EndProject
Project("{FAE04EC0-301F-11D3-BF4B-00C04F79EFBC}") = "Log", "Log\Log.csproj", "{C24CB955-5197-4483-9EE7-54D753101F06}"
EndProject
Global
	GlobalSection(SolutionConfigurationPlatforms) = preSolution
		Debug|Any CPU = Debug|Any CPU
		Debug|x64 = Debug|x64
		Debug|x86 = Debug|x86
		Release|Any CPU = Release|Any CPU
		Release|x64 = Release|x64
		Release|x86 = Release|x86
	EndGlobalSection
	GlobalSection(ProjectConfigurationPlatforms) = postSolution
		{EA7FD7AD-BBB1-4875-82AA-D1FA7F988747}.Debug|Any CPU.ActiveCfg = Debug|Any CPU
		{EA7FD7AD-BBB1-4875-82AA-D1FA7F988747}.Debug|Any CPU.Build.0 = Debug|Any CPU
		{EA7FD7AD-BBB1-4875-82AA-D1FA7F988747}.Debug|x64.ActiveCfg = Debug|x64
		{EA7FD7AD-BBB1-4875-82AA-D1FA7F988747}.Debug|x64.Build.0 = Debug|x64
		{EA7FD7AD-BBB1-4875-82AA-D1FA7F988747}.Debug|x86.ActiveCfg = Debug|Any CPU
		{EA7FD7AD-BBB1-4875-82AA-D1FA7F988747}.Debug|x86.Build.0 = Debug|Any CPU
		{EA7FD7AD-BBB1-4875-82AA-D1FA7F988747}.Release|Any CPU.ActiveCfg = Release|Any CPU
		{EA7FD7AD-BBB1-4875-82AA-D1FA7F988747}.Release|Any CPU.Build.0 = Release|Any CPU
		{EA7FD7AD-BBB1-4875-82AA-D1FA7F988747}.Release|x64.ActiveCfg = Release|x64
		{EA7FD7AD-BBB1-4875-82AA-D1FA7F988747}.Release|x64.Build.0 = Release|x64
		{EA7FD7AD-BBB1-4875-82AA-D1FA7F988747}.Release|x86.ActiveCfg = Release|Any CPU
		{EA7FD7AD-BBB1-4875-82AA-D1FA7F988747}.Release|x86.Build.0 = Release|Any CPU
		{C24CB955-5197-4483-9EE7-54D753101F06}.Debug|Any CPU.ActiveCfg = Debug|Any CPU
		{C24CB955-5197-4483-9EE7-54D753101F06}.Debug|Any CPU.Build.0 = Debug|Any CPU
		{C24CB955-5197-4483-9EE7-54D753101F06}.Debug|x64.ActiveCfg = Debug|x64
		{C24CB955-5197-4483-9EE7-54D753101F06}.Debug|x64.Build.0 = Debug|x64
		{C24CB955-5197-4483-9EE7-54D753101F06}.Debug|x86.ActiveCfg = Debug|x86
		{C24CB955-5197-4483-9EE7-54D753101F06}.Debug|x86.Build.0 = Debug|x86
		{C24CB955-5197-4483-9EE7-54D753101F06}.Release|Any CPU.ActiveCfg = Release|Any CPU
		{C24CB955-5197-4483-9EE7-54D753101F06}.Release|Any CPU.Build.0 = Release|Any CPU
		{C24CB955-5197-4483-9EE7-54D753101F06}.Release|x64.ActiveCfg = Release|x64
		{C24CB955-5197-4483-9EE7-54D753101F06}.Release|x64.Build.0 = Release|x64
		{C24CB955-5197-4483-9EE7-54D753101F06}.Release|x86.ActiveCfg = Release|x86
		{C24CB955-5197-4483-9EE7-54D753101F06}.Release|x86.Build.0 = Release|x86
	EndGlobalSection
	GlobalSection(SolutionProperties) = preSolution
		HideSolutionNode = FALSE
	EndGlobalSection
	GlobalSection(ExtensibilityGlobals) = postSolution
		SolutionGuid = {C55E29B4-56F3-49A5-81CC-A67F5B66E1A7}
	EndGlobalSection
EndGlobal
